
Microsoft Visual Studio Solution File, Format Version 12.00
# Visual Studio Version 17
VisualStudioVersion = 17.7.34221.43
MinimumVisualStudioVersion = 10.0.40219.1
Project("{2150E333-8FDC-42A3-9474-1A3956D46DE8}") = "Core", "Core", "{D2A9BD51-3CA2-43E7-B0DF-DED9FEC3EF3C}"
EndProject
Project("{2150E333-8FDC-42A3-9474-1A3956D46DE8}") = "Infrastructure", "Infrastructure", "{30E221D6-9A03-40C5-BC95-230A7F2AB005}"
EndProject
Project("{2150E333-8FDC-42A3-9474-1A3956D46DE8}") = "Presentation", "Presentation", "{5D550045-824F-4BA8-B84C-F35EE46690D2}"
EndProject
Project("{9A19103F-16F7-4668-BE54-9A1E7A4F7556}") = "TurtLearn.Shared", "Core\TurtLearn.Shared\TurtLearn.Shared.csproj", "{1B6C8018-C043-447D-BB29-A0B2032EB673}"
EndProject
Project("{9A19103F-16F7-4668-BE54-9A1E7A4F7556}") = "turtlearnMVP.Domain", "Core\turtlearnMVP.Domain\turtlearnMVP.Domain.csproj", "{E5D6AAE1-E06E-412F-A5E4-26EED3DBA71C}"
EndProject
Project("{9A19103F-16F7-4668-BE54-9A1E7A4F7556}") = "turtlearnMVP.Persistance", "Infrastructure\turtlearnMVP.Persistance\turtlearnMVP.Persistance.csproj", "{BC2564FF-99E5-4B6D-96BE-4B1A8C33A7D6}"
EndProject
Project("{9A19103F-16F7-4668-BE54-9A1E7A4F7556}") = "turtlearnMVP.Infrastructure", "Infrastructure\turtlearnMVP.Infrastructure\turtlearnMVP.Infrastructure.csproj", "{D6ED16D7-0044-406F-BF55-30A400096140}"
EndProject
Project("{9A19103F-16F7-4668-BE54-9A1E7A4F7556}") = "turtlearnMVP.Application", "Core\turtlearnMVP.Application\turtlearnMVP.Application.csproj", "{19A0F894-ACAF-4DE5-8EAC-4593BBCEE788}"
EndProject
Project("{9A19103F-16F7-4668-BE54-9A1E7A4F7556}") = "turtlearnMVP.WEB", "Presentation\turtlearnMVP.WEB\turtlearnMVP.WEB.csproj", "{EB96AF4A-1589-4BBB-AB2A-80C2B1DAFA01}"
EndProject
Project("{FAE04EC0-301F-11D3-BF4B-00C04F79EFBC}") = "turtlearnMVP.MOBILE", "Presentation\turtlearnMVP.MOBILE\turtlearnMVP.MOBILE.csproj", "{ADA14755-7F6E-423D-B4E7-153FF458BF1A}"
EndProject
Global
	GlobalSection(SolutionConfigurationPlatforms) = preSolution
		Debug|Any CPU = Debug|Any CPU
		Release|Any CPU = Release|Any CPU
	EndGlobalSection
	GlobalSection(ProjectConfigurationPlatforms) = postSolution
		{1B6C8018-C043-447D-BB29-A0B2032EB673}.Debug|Any CPU.ActiveCfg = Debug|Any CPU
		{1B6C8018-C043-447D-BB29-A0B2032EB673}.Debug|Any CPU.Build.0 = Debug|Any CPU
		{1B6C8018-C043-447D-BB29-A0B2032EB673}.Release|Any CPU.ActiveCfg = Release|Any CPU
		{1B6C8018-C043-447D-BB29-A0B2032EB673}.Release|Any CPU.Build.0 = Release|Any CPU
		{E5D6AAE1-E06E-412F-A5E4-26EED3DBA71C}.Debug|Any CPU.ActiveCfg = Debug|Any CPU
		{E5D6AAE1-E06E-412F-A5E4-26EED3DBA71C}.Debug|Any CPU.Build.0 = Debug|Any CPU
		{E5D6AAE1-E06E-412F-A5E4-26EED3DBA71C}.Release|Any CPU.ActiveCfg = Release|Any CPU
		{E5D6AAE1-E06E-412F-A5E4-26EED3DBA71C}.Release|Any CPU.Build.0 = Release|Any CPU
		{BC2564FF-99E5-4B6D-96BE-4B1A8C33A7D6}.Debug|Any CPU.ActiveCfg = Debug|Any CPU
		{BC2564FF-99E5-4B6D-96BE-4B1A8C33A7D6}.Debug|Any CPU.Build.0 = Debug|Any CPU
		{BC2564FF-99E5-4B6D-96BE-4B1A8C33A7D6}.Release|Any CPU.ActiveCfg = Release|Any CPU
		{BC2564FF-99E5-4B6D-96BE-4B1A8C33A7D6}.Release|Any CPU.Build.0 = Release|Any CPU
		{D6ED16D7-0044-406F-BF55-30A400096140}.Debug|Any CPU.ActiveCfg = Debug|Any CPU
		{D6ED16D7-0044-406F-BF55-30A400096140}.Debug|Any CPU.Build.0 = Debug|Any CPU
		{D6ED16D7-0044-406F-BF55-30A400096140}.Release|Any CPU.ActiveCfg = Release|Any CPU
		{D6ED16D7-0044-406F-BF55-30A400096140}.Release|Any CPU.Build.0 = Release|Any CPU
		{19A0F894-ACAF-4DE5-8EAC-4593BBCEE788}.Debug|Any CPU.ActiveCfg = Debug|Any CPU
		{19A0F894-ACAF-4DE5-8EAC-4593BBCEE788}.Debug|Any CPU.Build.0 = Debug|Any CPU
		{19A0F894-ACAF-4DE5-8EAC-4593BBCEE788}.Release|Any CPU.ActiveCfg = Release|Any CPU
		{19A0F894-ACAF-4DE5-8EAC-4593BBCEE788}.Release|Any CPU.Build.0 = Release|Any CPU
		{EB96AF4A-1589-4BBB-AB2A-80C2B1DAFA01}.Debug|Any CPU.ActiveCfg = Debug|Any CPU
		{EB96AF4A-1589-4BBB-AB2A-80C2B1DAFA01}.Debug|Any CPU.Build.0 = Debug|Any CPU
		{EB96AF4A-1589-4BBB-AB2A-80C2B1DAFA01}.Release|Any CPU.ActiveCfg = Release|Any CPU
		{EB96AF4A-1589-4BBB-AB2A-80C2B1DAFA01}.Release|Any CPU.Build.0 = Release|Any CPU
		{ADA14755-7F6E-423D-B4E7-153FF458BF1A}.Debug|Any CPU.ActiveCfg = Debug|Any CPU
		{ADA14755-7F6E-423D-B4E7-153FF458BF1A}.Debug|Any CPU.Build.0 = Debug|Any CPU
		{ADA14755-7F6E-423D-B4E7-153FF458BF1A}.Debug|Any CPU.Deploy.0 = Debug|Any CPU
		{ADA14755-7F6E-423D-B4E7-153FF458BF1A}.Release|Any CPU.ActiveCfg = Release|Any CPU
		{ADA14755-7F6E-423D-B4E7-153FF458BF1A}.Release|Any CPU.Build.0 = Release|Any CPU
		{ADA14755-7F6E-423D-B4E7-153FF458BF1A}.Release|Any CPU.Deploy.0 = Release|Any CPU
	EndGlobalSection
	GlobalSection(SolutionProperties) = preSolution
		HideSolutionNode = FALSE
	EndGlobalSection
	GlobalSection(NestedProjects) = preSolution
		{1B6C8018-C043-447D-BB29-A0B2032EB673} = {D2A9BD51-3CA2-43E7-B0DF-DED9FEC3EF3C}
		{E5D6AAE1-E06E-412F-A5E4-26EED3DBA71C} = {D2A9BD51-3CA2-43E7-B0DF-DED9FEC3EF3C}
		{BC2564FF-99E5-4B6D-96BE-4B1A8C33A7D6} = {30E221D6-9A03-40C5-BC95-230A7F2AB005}
		{D6ED16D7-0044-406F-BF55-30A400096140} = {30E221D6-9A03-40C5-BC95-230A7F2AB005}
		{19A0F894-ACAF-4DE5-8EAC-4593BBCEE788} = {D2A9BD51-3CA2-43E7-B0DF-DED9FEC3EF3C}
		{EB96AF4A-1589-4BBB-AB2A-80C2B1DAFA01} = {5D550045-824F-4BA8-B84C-F35EE46690D2}
		{ADA14755-7F6E-423D-B4E7-153FF458BF1A} = {5D550045-824F-4BA8-B84C-F35EE46690D2}
	EndGlobalSection
	GlobalSection(ExtensibilityGlobals) = postSolution
		SolutionGuid = {056B1D63-C6CF-407A-9503-379732D96364}
	EndGlobalSection
EndGlobal
